// !$*UTF8*$!
{
	archiveVersion = 1;
	classes = {
	};
	objectVersion = 46;
	objects = {

/* Begin PBXBuildFile section */
		090EB7767BFF66B84B717CFB /* Pods.framework in Frameworks */ = {isa = PBXBuildFile; fileRef = 201AA1C068C08C32BF0F82BA /* Pods.framework */; };
		A317708D1CE569180091BD49 /* AppDelegate.swift in Sources */ = {isa = PBXBuildFile; fileRef = A317708C1CE569180091BD49 /* AppDelegate.swift */; };
		A317708F1CE569180091BD49 /* ViewController.swift in Sources */ = {isa = PBXBuildFile; fileRef = A317708E1CE569180091BD49 /* ViewController.swift */; };
		A31770921CE569180091BD49 /* Main.storyboard in Resources */ = {isa = PBXBuildFile; fileRef = A31770901CE569180091BD49 /* Main.storyboard */; };
		A31770941CE569180091BD49 /* Assets.xcassets in Resources */ = {isa = PBXBuildFile; fileRef = A31770931CE569180091BD49 /* Assets.xcassets */; };
		A31770971CE569180091BD49 /* LaunchScreen.storyboard in Resources */ = {isa = PBXBuildFile; fileRef = A31770951CE569180091BD49 /* LaunchScreen.storyboard */; };
		A31770A21CE569180091BD49 /* CiYanLeeProTests.swift in Sources */ = {isa = PBXBuildFile; fileRef = A31770A11CE569180091BD49 /* CiYanLeeProTests.swift */; };
		A31770AD1CE569180091BD49 /* CiYanLeeProUITests.swift in Sources */ = {isa = PBXBuildFile; fileRef = A31770AC1CE569180091BD49 /* CiYanLeeProUITests.swift */; };
		A31770CD1CE6D59E0091BD49 /* Theme.swift in Sources */ = {isa = PBXBuildFile; fileRef = A31770CC1CE6D59E0091BD49 /* Theme.swift */; };
		A31770CF1CE6D6EF0091BD49 /* GuideViewController.swift in Sources */ = {isa = PBXBuildFile; fileRef = A31770CE1CE6D6EF0091BD49 /* GuideViewController.swift */; };
		A31770D11CE6D7850091BD49 /* ADViewController.swift in Sources */ = {isa = PBXBuildFile; fileRef = A31770D01CE6D7850091BD49 /* ADViewController.swift */; };
		A31770D31CE80E830091BD49 /* GuideCollectionViewCell.swift in Sources */ = {isa = PBXBuildFile; fileRef = A31770D21CE80E830091BD49 /* GuideCollectionViewCell.swift */; };
		A31770D51CE829FF0091BD49 /* AnimationTabBarViewController.swift in Sources */ = {isa = PBXBuildFile; fileRef = A31770D41CE829FF0091BD49 /* AnimationTabBarViewController.swift */; };
		A31770D71CE8645F0091BD49 /* ShopCarRedDotView.swift in Sources */ = {isa = PBXBuildFile; fileRef = A31770D61CE8645F0091BD49 /* ShopCarRedDotView.swift */; };
		A31770D91CE86A510091BD49 /* UIView + Extension.swift in Sources */ = {isa = PBXBuildFile; fileRef = A31770D81CE86A510091BD49 /* UIView + Extension.swift */; };
		A31770E11CE9B4E60091BD49 /* NetworkConfiguration.swift in Sources */ = {isa = PBXBuildFile; fileRef = A31770E01CE9B4E60091BD49 /* NetworkConfiguration.swift */; };
		A31770ED1CE9C7DA0091BD49 /* UserInformationInstance.swift in Sources */ = {isa = PBXBuildFile; fileRef = A31770EC1CE9C7DA0091BD49 /* UserInformationInstance.swift */; };
		A31770EF1CE9C84A0091BD49 /* ShopCartViewController.swift in Sources */ = {isa = PBXBuildFile; fileRef = A31770EE1CE9C84A0091BD49 /* ShopCartViewController.swift */; };
		A31770F71CE9DE460091BD49 /* HTTPNetworkMonitor.swift in Sources */ = {isa = PBXBuildFile; fileRef = A31770F61CE9DE460091BD49 /* HTTPNetworkMonitor.swift */; };
		A31770F91CEAC9FD0091BD49 /* HTTPDataProcess.swift in Sources */ = {isa = PBXBuildFile; fileRef = A31770F81CEAC9FD0091BD49 /* HTTPDataProcess.swift */; };
		A31770FB1CEACA1F0091BD49 /* HTTPRequest.swift in Sources */ = {isa = PBXBuildFile; fileRef = A31770FA1CEACA1F0091BD49 /* HTTPRequest.swift */; };
		A31771001CEB03ED0091BD49 /* HTTPRequestManager.swift in Sources */ = {isa = PBXBuildFile; fileRef = A31770FF1CEB03ED0091BD49 /* HTTPRequestManager.swift */; };
		A31771021CECB7E40091BD49 /* BaseNavigationVController.swift in Sources */ = {isa = PBXBuildFile; fileRef = A31771011CECB7E40091BD49 /* BaseNavigationVController.swift */; };
		A31771721CEDB6750091BD49 /* Constraint.swift in Sources */ = {isa = PBXBuildFile; fileRef = A31771641CEDB6750091BD49 /* Constraint.swift */; };
		A31771731CEDB6750091BD49 /* ConstraintAttributes.swift in Sources */ = {isa = PBXBuildFile; fileRef = A31771651CEDB6750091BD49 /* ConstraintAttributes.swift */; };
		A31771741CEDB6750091BD49 /* ConstraintDescription.swift in Sources */ = {isa = PBXBuildFile; fileRef = A31771661CEDB6750091BD49 /* ConstraintDescription.swift */; };
		A31771751CEDB6750091BD49 /* ConstraintItem.swift in Sources */ = {isa = PBXBuildFile; fileRef = A31771671CEDB6750091BD49 /* ConstraintItem.swift */; };
		A31771761CEDB6750091BD49 /* ConstraintMaker.swift in Sources */ = {isa = PBXBuildFile; fileRef = A31771681CEDB6750091BD49 /* ConstraintMaker.swift */; };
		A31771771CEDB6750091BD49 /* ConstraintRelation.swift in Sources */ = {isa = PBXBuildFile; fileRef = A31771691CEDB6750091BD49 /* ConstraintRelation.swift */; };
		A31771781CEDB6750091BD49 /* Debugging.swift in Sources */ = {isa = PBXBuildFile; fileRef = A317716A1CEDB6750091BD49 /* Debugging.swift */; };
		A31771791CEDB6750091BD49 /* EdgeInsets.swift in Sources */ = {isa = PBXBuildFile; fileRef = A317716B1CEDB6750091BD49 /* EdgeInsets.swift */; };
		A317717A1CEDB6750091BD49 /* Info.plist in Resources */ = {isa = PBXBuildFile; fileRef = A317716C1CEDB6750091BD49 /* Info.plist */; };
		A317717B1CEDB6750091BD49 /* LayoutConstraint.swift in Sources */ = {isa = PBXBuildFile; fileRef = A317716D1CEDB6750091BD49 /* LayoutConstraint.swift */; };
		A317717C1CEDB6750091BD49 /* SnapKit.swift in Sources */ = {isa = PBXBuildFile; fileRef = A317716F1CEDB6750091BD49 /* SnapKit.swift */; };
		A317717D1CEDB6750091BD49 /* View+SnapKit.swift in Sources */ = {isa = PBXBuildFile; fileRef = A31771701CEDB6750091BD49 /* View+SnapKit.swift */; };
		A317717E1CEDB6750091BD49 /* ViewController+SnapKit.swift in Sources */ = {isa = PBXBuildFile; fileRef = A31771711CEDB6750091BD49 /* ViewController+SnapKit.swift */; };
		A317718A1CEEC36D0091BD49 /* MainTabBarViewController.swift in Sources */ = {isa = PBXBuildFile; fileRef = A31771891CEEC36D0091BD49 /* MainTabBarViewController.swift */; };
		A317718C1CEEDCA80091BD49 /* HomePageTitleViewController.swift in Sources */ = {isa = PBXBuildFile; fileRef = A317718B1CEEDCA80091BD49 /* HomePageTitleViewController.swift */; };
		A317718E1CEEDD5C0091BD49 /* UIBarButtonItem+Extension.swift in Sources */ = {isa = PBXBuildFile; fileRef = A317718D1CEEDD5C0091BD49 /* UIBarButtonItem+Extension.swift */; };
		A31771901CEEDF170091BD49 /* UpImageDownTextButton.swift in Sources */ = {isa = PBXBuildFile; fileRef = A317718F1CEEDF170091BD49 /* UpImageDownTextButton.swift */; };
		A36804821CF2E1D2003ED5CC /* AdressTitleView.swift in Sources */ = {isa = PBXBuildFile; fileRef = A36804811CF2E1D2003ED5CC /* AdressTitleView.swift */; };
		A36804841CF2E520003ED5CC /* HomePageViewController.swift in Sources */ = {isa = PBXBuildFile; fileRef = A36804831CF2E520003ED5CC /* HomePageViewController.swift */; };
		A36804861CF401CC003ED5CC /* MineViewController.swift in Sources */ = {isa = PBXBuildFile; fileRef = A36804851CF401CC003ED5CC /* MineViewController.swift */; };
		A368048C1CF40280003ED5CC /* SupermarketViewController.swift in Sources */ = {isa = PBXBuildFile; fileRef = A368048B1CF40280003ED5CC /* SupermarketViewController.swift */; };
/* End PBXBuildFile section */

/* Begin PBXContainerItemProxy section */
		A317709E1CE569180091BD49 /* PBXContainerItemProxy */ = {
			isa = PBXContainerItemProxy;
			containerPortal = A31770811CE569180091BD49 /* Project object */;
			proxyType = 1;
			remoteGlobalIDString = A31770881CE569180091BD49;
			remoteInfo = CiYanLeePro;
		};
		A31770A91CE569180091BD49 /* PBXContainerItemProxy */ = {
			isa = PBXContainerItemProxy;
			containerPortal = A31770811CE569180091BD49 /* Project object */;
			proxyType = 1;
			remoteGlobalIDString = A31770881CE569180091BD49;
			remoteInfo = CiYanLeePro;
		};
/* End PBXContainerItemProxy section */

/* Begin PBXFileReference section */
		201AA1C068C08C32BF0F82BA /* Pods.framework */ = {isa = PBXFileReference; explicitFileType = wrapper.framework; includeInIndex = 0; path = Pods.framework; sourceTree = BUILT_PRODUCTS_DIR; };
		6683C4FCA4F5EE129C25496D /* Pods.release.xcconfig */ = {isa = PBXFileReference; includeInIndex = 1; lastKnownFileType = text.xcconfig; name = Pods.release.xcconfig; path = "Pods/Target Support Files/Pods/Pods.release.xcconfig"; sourceTree = "<group>"; };
		A31770891CE569180091BD49 /* CiYanLeePro.app */ = {isa = PBXFileReference; explicitFileType = wrapper.application; includeInIndex = 0; path = CiYanLeePro.app; sourceTree = BUILT_PRODUCTS_DIR; };
		A317708C1CE569180091BD49 /* AppDelegate.swift */ = {isa = PBXFileReference; lastKnownFileType = sourcecode.swift; path = AppDelegate.swift; sourceTree = "<group>"; };
		A317708E1CE569180091BD49 /* ViewController.swift */ = {isa = PBXFileReference; lastKnownFileType = sourcecode.swift; path = ViewController.swift; sourceTree = "<group>"; };
		A31770911CE569180091BD49 /* Base */ = {isa = PBXFileReference; lastKnownFileType = file.storyboard; name = Base; path = Base.lproj/Main.storyboard; sourceTree = "<group>"; };
		A31770931CE569180091BD49 /* Assets.xcassets */ = {isa = PBXFileReference; lastKnownFileType = folder.assetcatalog; path = Assets.xcassets; sourceTree = "<group>"; };
		A31770961CE569180091BD49 /* Base */ = {isa = PBXFileReference; lastKnownFileType = file.storyboard; name = Base; path = Base.lproj/LaunchScreen.storyboard; sourceTree = "<group>"; };
		A31770981CE569180091BD49 /* Info.plist */ = {isa = PBXFileReference; lastKnownFileType = text.plist.xml; path = Info.plist; sourceTree = "<group>"; };
		A317709D1CE569180091BD49 /* CiYanLeeProTests.xctest */ = {isa = PBXFileReference; explicitFileType = wrapper.cfbundle; includeInIndex = 0; path = CiYanLeeProTests.xctest; sourceTree = BUILT_PRODUCTS_DIR; };
		A31770A11CE569180091BD49 /* CiYanLeeProTests.swift */ = {isa = PBXFileReference; lastKnownFileType = sourcecode.swift; path = CiYanLeeProTests.swift; sourceTree = "<group>"; };
		A31770A31CE569180091BD49 /* Info.plist */ = {isa = PBXFileReference; lastKnownFileType = text.plist.xml; path = Info.plist; sourceTree = "<group>"; };
		A31770A81CE569180091BD49 /* CiYanLeeProUITests.xctest */ = {isa = PBXFileReference; explicitFileType = wrapper.cfbundle; includeInIndex = 0; path = CiYanLeeProUITests.xctest; sourceTree = BUILT_PRODUCTS_DIR; };
		A31770AC1CE569180091BD49 /* CiYanLeeProUITests.swift */ = {isa = PBXFileReference; lastKnownFileType = sourcecode.swift; path = CiYanLeeProUITests.swift; sourceTree = "<group>"; };
		A31770AE1CE569180091BD49 /* Info.plist */ = {isa = PBXFileReference; lastKnownFileType = text.plist.xml; path = Info.plist; sourceTree = "<group>"; };
		A31770C81CE5CE2E0091BD49 /* CiYanLeePro-Bridging-Header.h */ = {isa = PBXFileReference; lastKnownFileType = sourcecode.c.h; path = "CiYanLeePro-Bridging-Header.h"; sourceTree = "<group>"; };
		A31770CC1CE6D59E0091BD49 /* Theme.swift */ = {isa = PBXFileReference; fileEncoding = 4; lastKnownFileType = sourcecode.swift; path = Theme.swift; sourceTree = "<group>"; };
		A31770CE1CE6D6EF0091BD49 /* GuideViewController.swift */ = {isa = PBXFileReference; fileEncoding = 4; lastKnownFileType = sourcecode.swift; path = GuideViewController.swift; sourceTree = "<group>"; };
		A31770D01CE6D7850091BD49 /* ADViewController.swift */ = {isa = PBXFileReference; fileEncoding = 4; lastKnownFileType = sourcecode.swift; path = ADViewController.swift; sourceTree = "<group>"; };
		A31770D21CE80E830091BD49 /* GuideCollectionViewCell.swift */ = {isa = PBXFileReference; fileEncoding = 4; lastKnownFileType = sourcecode.swift; path = GuideCollectionViewCell.swift; sourceTree = "<group>"; };
		A31770D41CE829FF0091BD49 /* AnimationTabBarViewController.swift */ = {isa = PBXFileReference; fileEncoding = 4; lastKnownFileType = sourcecode.swift; path = AnimationTabBarViewController.swift; sourceTree = "<group>"; };
		A31770D61CE8645F0091BD49 /* ShopCarRedDotView.swift */ = {isa = PBXFileReference; fileEncoding = 4; lastKnownFileType = sourcecode.swift; path = ShopCarRedDotView.swift; sourceTree = "<group>"; };
		A31770D81CE86A510091BD49 /* UIView + Extension.swift */ = {isa = PBXFileReference; fileEncoding = 4; lastKnownFileType = sourcecode.swift; path = "UIView + Extension.swift"; sourceTree = "<group>"; };
		A31770E01CE9B4E60091BD49 /* NetworkConfiguration.swift */ = {isa = PBXFileReference; fileEncoding = 4; lastKnownFileType = sourcecode.swift; path = NetworkConfiguration.swift; sourceTree = "<group>"; };
		A31770EC1CE9C7DA0091BD49 /* UserInformationInstance.swift */ = {isa = PBXFileReference; fileEncoding = 4; lastKnownFileType = sourcecode.swift; path = UserInformationInstance.swift; sourceTree = "<group>"; };
		A31770EE1CE9C84A0091BD49 /* ShopCartViewController.swift */ = {isa = PBXFileReference; fileEncoding = 4; lastKnownFileType = sourcecode.swift; path = ShopCartViewController.swift; sourceTree = "<group>"; };
		A31770F61CE9DE460091BD49 /* HTTPNetworkMonitor.swift */ = {isa = PBXFileReference; fileEncoding = 4; lastKnownFileType = sourcecode.swift; path = HTTPNetworkMonitor.swift; sourceTree = "<group>"; };
		A31770F81CEAC9FD0091BD49 /* HTTPDataProcess.swift */ = {isa = PBXFileReference; fileEncoding = 4; lastKnownFileType = sourcecode.swift; path = HTTPDataProcess.swift; sourceTree = "<group>"; };
		A31770FA1CEACA1F0091BD49 /* HTTPRequest.swift */ = {isa = PBXFileReference; fileEncoding = 4; lastKnownFileType = sourcecode.swift; path = HTTPRequest.swift; sourceTree = "<group>"; };
		A31770FF1CEB03ED0091BD49 /* HTTPRequestManager.swift */ = {isa = PBXFileReference; fileEncoding = 4; lastKnownFileType = sourcecode.swift; path = HTTPRequestManager.swift; sourceTree = "<group>"; };
		A31771011CECB7E40091BD49 /* BaseNavigationVController.swift */ = {isa = PBXFileReference; fileEncoding = 4; lastKnownFileType = sourcecode.swift; path = BaseNavigationVController.swift; sourceTree = "<group>"; };
		A31771641CEDB6750091BD49 /* Constraint.swift */ = {isa = PBXFileReference; fileEncoding = 4; lastKnownFileType = sourcecode.swift; path = Constraint.swift; sourceTree = "<group>"; };
		A31771651CEDB6750091BD49 /* ConstraintAttributes.swift */ = {isa = PBXFileReference; fileEncoding = 4; lastKnownFileType = sourcecode.swift; path = ConstraintAttributes.swift; sourceTree = "<group>"; };
		A31771661CEDB6750091BD49 /* ConstraintDescription.swift */ = {isa = PBXFileReference; fileEncoding = 4; lastKnownFileType = sourcecode.swift; path = ConstraintDescription.swift; sourceTree = "<group>"; };
		A31771671CEDB6750091BD49 /* ConstraintItem.swift */ = {isa = PBXFileReference; fileEncoding = 4; lastKnownFileType = sourcecode.swift; path = ConstraintItem.swift; sourceTree = "<group>"; };
		A31771681CEDB6750091BD49 /* ConstraintMaker.swift */ = {isa = PBXFileReference; fileEncoding = 4; lastKnownFileType = sourcecode.swift; path = ConstraintMaker.swift; sourceTree = "<group>"; };
		A31771691CEDB6750091BD49 /* ConstraintRelation.swift */ = {isa = PBXFileReference; fileEncoding = 4; lastKnownFileType = sourcecode.swift; path = ConstraintRelation.swift; sourceTree = "<group>"; };
		A317716A1CEDB6750091BD49 /* Debugging.swift */ = {isa = PBXFileReference; fileEncoding = 4; lastKnownFileType = sourcecode.swift; path = Debugging.swift; sourceTree = "<group>"; };
		A317716B1CEDB6750091BD49 /* EdgeInsets.swift */ = {isa = PBXFileReference; fileEncoding = 4; lastKnownFileType = sourcecode.swift; path = EdgeInsets.swift; sourceTree = "<group>"; };
		A317716C1CEDB6750091BD49 /* Info.plist */ = {isa = PBXFileReference; fileEncoding = 4; lastKnownFileType = text.plist.xml; path = Info.plist; sourceTree = "<group>"; };
		A317716D1CEDB6750091BD49 /* LayoutConstraint.swift */ = {isa = PBXFileReference; fileEncoding = 4; lastKnownFileType = sourcecode.swift; path = LayoutConstraint.swift; sourceTree = "<group>"; };
		A317716E1CEDB6750091BD49 /* SnapKit.h */ = {isa = PBXFileReference; fileEncoding = 4; lastKnownFileType = sourcecode.c.h; path = SnapKit.h; sourceTree = "<group>"; };
		A317716F1CEDB6750091BD49 /* SnapKit.swift */ = {isa = PBXFileReference; fileEncoding = 4; lastKnownFileType = sourcecode.swift; path = SnapKit.swift; sourceTree = "<group>"; };
		A31771701CEDB6750091BD49 /* View+SnapKit.swift */ = {isa = PBXFileReference; fileEncoding = 4; lastKnownFileType = sourcecode.swift; path = "View+SnapKit.swift"; sourceTree = "<group>"; };
		A31771711CEDB6750091BD49 /* ViewController+SnapKit.swift */ = {isa = PBXFileReference; fileEncoding = 4; lastKnownFileType = sourcecode.swift; path = "ViewController+SnapKit.swift"; sourceTree = "<group>"; };
		A31771891CEEC36D0091BD49 /* MainTabBarViewController.swift */ = {isa = PBXFileReference; fileEncoding = 4; lastKnownFileType = sourcecode.swift; path = MainTabBarViewController.swift; sourceTree = "<group>"; };
		A317718B1CEEDCA80091BD49 /* HomePageTitleViewController.swift */ = {isa = PBXFileReference; fileEncoding = 4; lastKnownFileType = sourcecode.swift; path = HomePageTitleViewController.swift; sourceTree = "<group>"; };
		A317718D1CEEDD5C0091BD49 /* UIBarButtonItem+Extension.swift */ = {isa = PBXFileReference; fileEncoding = 4; lastKnownFileType = sourcecode.swift; path = "UIBarButtonItem+Extension.swift"; sourceTree = "<group>"; };
		A317718F1CEEDF170091BD49 /* UpImageDownTextButton.swift */ = {isa = PBXFileReference; fileEncoding = 4; lastKnownFileType = sourcecode.swift; path = UpImageDownTextButton.swift; sourceTree = "<group>"; };
		A36804811CF2E1D2003ED5CC /* AdressTitleView.swift */ = {isa = PBXFileReference; fileEncoding = 4; lastKnownFileType = sourcecode.swift; path = AdressTitleView.swift; sourceTree = "<group>"; };
		A36804831CF2E520003ED5CC /* HomePageViewController.swift */ = {isa = PBXFileReference; fileEncoding = 4; lastKnownFileType = sourcecode.swift; path = HomePageViewController.swift; sourceTree = "<group>"; };
		A36804851CF401CC003ED5CC /* MineViewController.swift */ = {isa = PBXFileReference; fileEncoding = 4; lastKnownFileType = sourcecode.swift; path = MineViewController.swift; sourceTree = "<group>"; };
		A368048B1CF40280003ED5CC /* SupermarketViewController.swift */ = {isa = PBXFileReference; fileEncoding = 4; lastKnownFileType = sourcecode.swift; path = SupermarketViewController.swift; sourceTree = "<group>"; };
		D970AE0D5094EAB9CFC62F47 /* Pods.debug.xcconfig */ = {isa = PBXFileReference; includeInIndex = 1; lastKnownFileType = text.xcconfig; name = Pods.debug.xcconfig; path = "Pods/Target Support Files/Pods/Pods.debug.xcconfig"; sourceTree = "<group>"; };
/* End PBXFileReference section */

/* Begin PBXFrameworksBuildPhase section */
		A31770861CE569180091BD49 /* Frameworks */ = {
			isa = PBXFrameworksBuildPhase;
			buildActionMask = 2147483647;
			files = (
				090EB7767BFF66B84B717CFB /* Pods.framework in Frameworks */,
			);
			runOnlyForDeploymentPostprocessing = 0;
		};
		A317709A1CE569180091BD49 /* Frameworks */ = {
			isa = PBXFrameworksBuildPhase;
			buildActionMask = 2147483647;
			files = (
			);
			runOnlyForDeploymentPostprocessing = 0;
		};
		A31770A51CE569180091BD49 /* Frameworks */ = {
			isa = PBXFrameworksBuildPhase;
			buildActionMask = 2147483647;
			files = (
			);
			runOnlyForDeploymentPostprocessing = 0;
		};
/* End PBXFrameworksBuildPhase section */

/* Begin PBXGroup section */
		520071D93B8E5696607EFD7B /* Pods */ = {
			isa = PBXGroup;
			children = (
				D970AE0D5094EAB9CFC62F47 /* Pods.debug.xcconfig */,
				6683C4FCA4F5EE129C25496D /* Pods.release.xcconfig */,
			);
			name = Pods;
			sourceTree = "<group>";
		};
		752C0F7AF8702404B005855D /* Frameworks */ = {
			isa = PBXGroup;
			children = (
				201AA1C068C08C32BF0F82BA /* Pods.framework */,
			);
			name = Frameworks;
			sourceTree = "<group>";
		};
		A31770801CE569180091BD49 = {
			isa = PBXGroup;
			children = (
				A31770BA1CE56A9B0091BD49 /* ADAndGuide */,
				A31770BB1CE56A9B0091BD49 /* APIService */,
				A31770BC1CE56A9B0091BD49 /* Category */,
				A31770BD1CE56A9B0091BD49 /* Common */,
				A31770BE1CE56A9B0091BD49 /* DataBase */,
				A31770BF1CE56A9B0091BD49 /* Extension */,
				A31770C01CE56A9B0091BD49 /* FrameWork */,
				A31770C11CE56A9B0091BD49 /* MainTabbar */,
				A31770C21CE56A9B0091BD49 /* Resources */,
				A31770C31CE56A9B0091BD49 /* Section */,
				A31770C41CE56A9B0091BD49 /* Tools */,
				A31770C51CE56A9B0091BD49 /* UserInfo */,
				A31770C61CE56A9B0091BD49 /* Vender */,
				A317708B1CE569180091BD49 /* CiYanLeePro */,
				A31770A01CE569180091BD49 /* CiYanLeeProTests */,
				A31770AB1CE569180091BD49 /* CiYanLeeProUITests */,
				A317708A1CE569180091BD49 /* Products */,
				520071D93B8E5696607EFD7B /* Pods */,
				752C0F7AF8702404B005855D /* Frameworks */,
			);
			sourceTree = "<group>";
		};
		A317708A1CE569180091BD49 /* Products */ = {
			isa = PBXGroup;
			children = (
				A31770891CE569180091BD49 /* CiYanLeePro.app */,
				A317709D1CE569180091BD49 /* CiYanLeeProTests.xctest */,
				A31770A81CE569180091BD49 /* CiYanLeeProUITests.xctest */,
			);
			name = Products;
			sourceTree = "<group>";
		};
		A317708B1CE569180091BD49 /* CiYanLeePro */ = {
			isa = PBXGroup;
			children = (
				A317708C1CE569180091BD49 /* AppDelegate.swift */,
				A317708E1CE569180091BD49 /* ViewController.swift */,
				A31770901CE569180091BD49 /* Main.storyboard */,
				A31770931CE569180091BD49 /* Assets.xcassets */,
				A31770951CE569180091BD49 /* LaunchScreen.storyboard */,
				A31770981CE569180091BD49 /* Info.plist */,
			);
			path = CiYanLeePro;
			sourceTree = "<group>";
		};
		A31770A01CE569180091BD49 /* CiYanLeeProTests */ = {
			isa = PBXGroup;
			children = (
				A31770A11CE569180091BD49 /* CiYanLeeProTests.swift */,
				A31770A31CE569180091BD49 /* Info.plist */,
			);
			path = CiYanLeeProTests;
			sourceTree = "<group>";
		};
		A31770AB1CE569180091BD49 /* CiYanLeeProUITests */ = {
			isa = PBXGroup;
			children = (
				A31770AC1CE569180091BD49 /* CiYanLeeProUITests.swift */,
				A31770AE1CE569180091BD49 /* Info.plist */,
			);
			path = CiYanLeeProUITests;
			sourceTree = "<group>";
		};
		A31770BA1CE56A9B0091BD49 /* ADAndGuide */ = {
			isa = PBXGroup;
			children = (
				A31770CE1CE6D6EF0091BD49 /* GuideViewController.swift */,
				A31770D21CE80E830091BD49 /* GuideCollectionViewCell.swift */,
				A31770D01CE6D7850091BD49 /* ADViewController.swift */,
			);
			name = ADAndGuide;
			path = CiYanLeePro/ADAndGuide;
			sourceTree = "<group>";
		};
		A31770BB1CE56A9B0091BD49 /* APIService */ = {
			isa = PBXGroup;
			children = (
				A31770E01CE9B4E60091BD49 /* NetworkConfiguration.swift */,
				A31770F61CE9DE460091BD49 /* HTTPNetworkMonitor.swift */,
				A31770F81CEAC9FD0091BD49 /* HTTPDataProcess.swift */,
				A31770FA1CEACA1F0091BD49 /* HTTPRequest.swift */,
				A31770FF1CEB03ED0091BD49 /* HTTPRequestManager.swift */,
			);
			name = APIService;
			path = CiYanLeePro/APIService;
			sourceTree = "<group>";
		};
		A31770BC1CE56A9B0091BD49 /* Category */ = {
			isa = PBXGroup;
			children = (
			);
			name = Category;
			path = CiYanLeePro/Category;
			sourceTree = "<group>";
		};
		A31770BD1CE56A9B0091BD49 /* Common */ = {
			isa = PBXGroup;
			children = (
				A31770CC1CE6D59E0091BD49 /* Theme.swift */,
				A31771011CECB7E40091BD49 /* BaseNavigationVController.swift */,
				A317718F1CEEDF170091BD49 /* UpImageDownTextButton.swift */,
			);
			name = Common;
			path = CiYanLeePro/Common;
			sourceTree = "<group>";
		};
		A31770BE1CE56A9B0091BD49 /* DataBase */ = {
			isa = PBXGroup;
			children = (
			);
			name = DataBase;
			path = CiYanLeePro/DataBase;
			sourceTree = "<group>";
		};
		A31770BF1CE56A9B0091BD49 /* Extension */ = {
			isa = PBXGroup;
			children = (
				A31770D81CE86A510091BD49 /* UIView + Extension.swift */,
				A317718D1CEEDD5C0091BD49 /* UIBarButtonItem+Extension.swift */,
			);
			name = Extension;
			path = CiYanLeePro/Extension;
			sourceTree = "<group>";
		};
		A31770C01CE56A9B0091BD49 /* FrameWork */ = {
			isa = PBXGroup;
			children = (
			);
			name = FrameWork;
			path = CiYanLeePro/FrameWork;
			sourceTree = "<group>";
		};
		A31770C11CE56A9B0091BD49 /* MainTabbar */ = {
			isa = PBXGroup;
			children = (
				A31770D41CE829FF0091BD49 /* AnimationTabBarViewController.swift */,
				A31770D61CE8645F0091BD49 /* ShopCarRedDotView.swift */,
				A31771891CEEC36D0091BD49 /* MainTabBarViewController.swift */,
			);
			name = MainTabbar;
			path = CiYanLeePro/MainTabbar;
			sourceTree = "<group>";
		};
		A31770C21CE56A9B0091BD49 /* Resources */ = {
			isa = PBXGroup;
			children = (
			);
			name = Resources;
			path = CiYanLeePro/Resources;
			sourceTree = "<group>";
		};
		A31770C31CE56A9B0091BD49 /* Section */ = {
			isa = PBXGroup;
			children = (
				A36804871CF40257003ED5CC /* SuperMarket */,
				A31771831CEEB8360091BD49 /* MinePage */,
				A317717F1CEEB7E50091BD49 /* HomePage */,
				A31770DA1CE8D2EA0091BD49 /* ShopCart */,
			);
			name = Section;
			path = CiYanLeePro/Section;
			sourceTree = "<group>";
		};
		A31770C41CE56A9B0091BD49 /* Tools */ = {
			isa = PBXGroup;
			children = (
				A31771631CEDB6750091BD49 /* Source */,
				A31770C81CE5CE2E0091BD49 /* CiYanLeePro-Bridging-Header.h */,
			);
			name = Tools;
			path = CiYanLeePro/Tools;
			sourceTree = "<group>";
		};
		A31770C51CE56A9B0091BD49 /* UserInfo */ = {
			isa = PBXGroup;
			children = (
				A31770EC1CE9C7DA0091BD49 /* UserInformationInstance.swift */,
			);
			name = UserInfo;
			path = CiYanLeePro/UserInfo;
			sourceTree = "<group>";
		};
		A31770C61CE56A9B0091BD49 /* Vender */ = {
			isa = PBXGroup;
			children = (
			);
			name = Vender;
			path = CiYanLeePro/Vender;
			sourceTree = "<group>";
		};
		A31770DA1CE8D2EA0091BD49 /* ShopCart */ = {
			isa = PBXGroup;
			children = (
				A31770DB1CE8D2EA0091BD49 /* Contollers */,
				A31770DC1CE8D2EA0091BD49 /* Models */,
				A31770DD1CE8D2EA0091BD49 /* Views */,
			);
			path = ShopCart;
			sourceTree = "<group>";
		};
		A31770DB1CE8D2EA0091BD49 /* Contollers */ = {
			isa = PBXGroup;
			children = (
				A31770EE1CE9C84A0091BD49 /* ShopCartViewController.swift */,
			);
			path = Contollers;
			sourceTree = "<group>";
		};
		A31770DC1CE8D2EA0091BD49 /* Models */ = {
			isa = PBXGroup;
			children = (
			);
			path = Models;
			sourceTree = "<group>";
		};
		A31770DD1CE8D2EA0091BD49 /* Views */ = {
			isa = PBXGroup;
			children = (
			);
			path = Views;
			sourceTree = "<group>";
		};
		A31771631CEDB6750091BD49 /* Source */ = {
			isa = PBXGroup;
			children = (
				A31771641CEDB6750091BD49 /* Constraint.swift */,
				A31771651CEDB6750091BD49 /* ConstraintAttributes.swift */,
				A31771661CEDB6750091BD49 /* ConstraintDescription.swift */,
				A31771671CEDB6750091BD49 /* ConstraintItem.swift */,
				A31771681CEDB6750091BD49 /* ConstraintMaker.swift */,
				A31771691CEDB6750091BD49 /* ConstraintRelation.swift */,
				A317716A1CEDB6750091BD49 /* Debugging.swift */,
				A317716B1CEDB6750091BD49 /* EdgeInsets.swift */,
				A317716C1CEDB6750091BD49 /* Info.plist */,
				A317716D1CEDB6750091BD49 /* LayoutConstraint.swift */,
				A317716E1CEDB6750091BD49 /* SnapKit.h */,
				A317716F1CEDB6750091BD49 /* SnapKit.swift */,
				A31771701CEDB6750091BD49 /* View+SnapKit.swift */,
				A31771711CEDB6750091BD49 /* ViewController+SnapKit.swift */,
			);
			path = Source;
			sourceTree = "<group>";
		};
		A317717F1CEEB7E50091BD49 /* HomePage */ = {
			isa = PBXGroup;
			children = (
				A31771801CEEB7E50091BD49 /* Models */,
				A31771811CEEB7E50091BD49 /* ViewControllers */,
				A31771821CEEB7E50091BD49 /* Views */,
			);
			path = HomePage;
			sourceTree = "<group>";
		};
		A31771801CEEB7E50091BD49 /* Models */ = {
			isa = PBXGroup;
			children = (
			);
			path = Models;
			sourceTree = "<group>";
		};
		A31771811CEEB7E50091BD49 /* ViewControllers */ = {
			isa = PBXGroup;
			children = (
				A317718B1CEEDCA80091BD49 /* HomePageTitleViewController.swift */,
				A36804831CF2E520003ED5CC /* HomePageViewController.swift */,
			);
			path = ViewControllers;
			sourceTree = "<group>";
		};
		A31771821CEEB7E50091BD49 /* Views */ = {
			isa = PBXGroup;
			children = (
				A36804811CF2E1D2003ED5CC /* AdressTitleView.swift */,
			);
			path = Views;
			sourceTree = "<group>";
		};
		A31771831CEEB8360091BD49 /* MinePage */ = {
			isa = PBXGroup;
			children = (
				A31771841CEEB8360091BD49 /* Models */,
				A31771851CEEB8360091BD49 /* ViewCotrollers */,
				A31771861CEEB8360091BD49 /* Views */,
			);
			path = MinePage;
			sourceTree = "<group>";
		};
		A31771841CEEB8360091BD49 /* Models */ = {
			isa = PBXGroup;
			children = (
			);
			path = Models;
			sourceTree = "<group>";
		};
		A31771851CEEB8360091BD49 /* ViewCotrollers */ = {
			isa = PBXGroup;
			children = (
				A36804851CF401CC003ED5CC /* MineViewController.swift */,
			);
			path = ViewCotrollers;
			sourceTree = "<group>";
		};
		A31771861CEEB8360091BD49 /* Views */ = {
			isa = PBXGroup;
			children = (
			);
			path = Views;
			sourceTree = "<group>";
		};
		A36804871CF40257003ED5CC /* SuperMarket */ = {
			isa = PBXGroup;
			children = (
				A36804881CF40257003ED5CC /* Models */,
				A36804891CF40257003ED5CC /* ViewControllers */,
				A368048A1CF40257003ED5CC /* Views */,
			);
			path = SuperMarket;
			sourceTree = "<group>";
		};
		A36804881CF40257003ED5CC /* Models */ = {
			isa = PBXGroup;
			children = (
			);
			path = Models;
			sourceTree = "<group>";
		};
		A36804891CF40257003ED5CC /* ViewControllers */ = {
			isa = PBXGroup;
			children = (
				A368048B1CF40280003ED5CC /* SupermarketViewController.swift */,
			);
			path = ViewControllers;
			sourceTree = "<group>";
		};
		A368048A1CF40257003ED5CC /* Views */ = {
			isa = PBXGroup;
			children = (
			);
			path = Views;
			sourceTree = "<group>";
		};
/* End PBXGroup section */

/* Begin PBXNativeTarget section */
		A31770881CE569180091BD49 /* CiYanLeePro */ = {
			isa = PBXNativeTarget;
			buildConfigurationList = A31770B11CE569180091BD49 /* Build configuration list for PBXNativeTarget "CiYanLeePro" */;
			buildPhases = (
				95335ABDBCF489914C1AF5B2 /* Check Pods Manifest.lock */,
				A31770851CE569180091BD49 /* Sources */,
				A31770861CE569180091BD49 /* Frameworks */,
				A31770871CE569180091BD49 /* Resources */,
				7AD72C4F4D2B04C0945F4806 /* Embed Pods Frameworks */,
				644DA98363B2DA889FE78558 /* Copy Pods Resources */,
			);
			buildRules = (
			);
			dependencies = (
			);
			name = CiYanLeePro;
			productName = CiYanLeePro;
			productReference = A31770891CE569180091BD49 /* CiYanLeePro.app */;
			productType = "com.apple.product-type.application";
		};
		A317709C1CE569180091BD49 /* CiYanLeeProTests */ = {
			isa = PBXNativeTarget;
			buildConfigurationList = A31770B41CE569180091BD49 /* Build configuration list for PBXNativeTarget "CiYanLeeProTests" */;
			buildPhases = (
				A31770991CE569180091BD49 /* Sources */,
				A317709A1CE569180091BD49 /* Frameworks */,
				A317709B1CE569180091BD49 /* Resources */,
			);
			buildRules = (
			);
			dependencies = (
				A317709F1CE569180091BD49 /* PBXTargetDependency */,
			);
			name = CiYanLeeProTests;
			productName = CiYanLeeProTests;
			productReference = A317709D1CE569180091BD49 /* CiYanLeeProTests.xctest */;
			productType = "com.apple.product-type.bundle.unit-test";
		};
		A31770A71CE569180091BD49 /* CiYanLeeProUITests */ = {
			isa = PBXNativeTarget;
			buildConfigurationList = A31770B71CE569180091BD49 /* Build configuration list for PBXNativeTarget "CiYanLeeProUITests" */;
			buildPhases = (
				A31770A41CE569180091BD49 /* Sources */,
				A31770A51CE569180091BD49 /* Frameworks */,
				A31770A61CE569180091BD49 /* Resources */,
			);
			buildRules = (
			);
			dependencies = (
				A31770AA1CE569180091BD49 /* PBXTargetDependency */,
			);
			name = CiYanLeeProUITests;
			productName = CiYanLeeProUITests;
			productReference = A31770A81CE569180091BD49 /* CiYanLeeProUITests.xctest */;
			productType = "com.apple.product-type.bundle.ui-testing";
		};
/* End PBXNativeTarget section */

/* Begin PBXProject section */
		A31770811CE569180091BD49 /* Project object */ = {
			isa = PBXProject;
			attributes = {
				LastSwiftUpdateCheck = 0730;
				LastUpgradeCheck = 0730;
				ORGANIZATIONNAME = leo;
				TargetAttributes = {
					A31770881CE569180091BD49 = {
						CreatedOnToolsVersion = 7.3.1;
					};
					A317709C1CE569180091BD49 = {
						CreatedOnToolsVersion = 7.3.1;
						TestTargetID = A31770881CE569180091BD49;
					};
					A31770A71CE569180091BD49 = {
						CreatedOnToolsVersion = 7.3.1;
						TestTargetID = A31770881CE569180091BD49;
					};
				};
			};
			buildConfigurationList = A31770841CE569180091BD49 /* Build configuration list for PBXProject "CiYanLeePro" */;
			compatibilityVersion = "Xcode 3.2";
			developmentRegion = English;
			hasScannedForEncodings = 0;
			knownRegions = (
				en,
				Base,
			);
			mainGroup = A31770801CE569180091BD49;
			productRefGroup = A317708A1CE569180091BD49 /* Products */;
			projectDirPath = "";
			projectRoot = "";
			targets = (
				A31770881CE569180091BD49 /* CiYanLeePro */,
				A317709C1CE569180091BD49 /* CiYanLeeProTests */,
				A31770A71CE569180091BD49 /* CiYanLeeProUITests */,
			);
		};
/* End PBXProject section */

/* Begin PBXResourcesBuildPhase section */
		A31770871CE569180091BD49 /* Resources */ = {
			isa = PBXResourcesBuildPhase;
			buildActionMask = 2147483647;
			files = (
				A317717A1CEDB6750091BD49 /* Info.plist in Resources */,
				A31770971CE569180091BD49 /* LaunchScreen.storyboard in Resources */,
				A31770941CE569180091BD49 /* Assets.xcassets in Resources */,
				A31770921CE569180091BD49 /* Main.storyboard in Resources */,
			);
			runOnlyForDeploymentPostprocessing = 0;
		};
		A317709B1CE569180091BD49 /* Resources */ = {
			isa = PBXResourcesBuildPhase;
			buildActionMask = 2147483647;
			files = (
			);
			runOnlyForDeploymentPostprocessing = 0;
		};
		A31770A61CE569180091BD49 /* Resources */ = {
			isa = PBXResourcesBuildPhase;
			buildActionMask = 2147483647;
			files = (
			);
			runOnlyForDeploymentPostprocessing = 0;
		};
/* End PBXResourcesBuildPhase section */

/* Begin PBXShellScriptBuildPhase section */
		644DA98363B2DA889FE78558 /* Copy Pods Resources */ = {
			isa = PBXShellScriptBuildPhase;
			buildActionMask = 2147483647;
			files = (
			);
			inputPaths = (
			);
			name = "Copy Pods Resources";
			outputPaths = (
			);
			runOnlyForDeploymentPostprocessing = 0;
			shellPath = /bin/sh;
			shellScript = "\"${SRCROOT}/Pods/Target Support Files/Pods/Pods-resources.sh\"\n";
			showEnvVarsInLog = 0;
		};
		7AD72C4F4D2B04C0945F4806 /* Embed Pods Frameworks */ = {
			isa = PBXShellScriptBuildPhase;
			buildActionMask = 2147483647;
			files = (
			);
			inputPaths = (
			);
			name = "Embed Pods Frameworks";
			outputPaths = (
			);
			runOnlyForDeploymentPostprocessing = 0;
			shellPath = /bin/sh;
			shellScript = "\"${SRCROOT}/Pods/Target Support Files/Pods/Pods-frameworks.sh\"\n";
			showEnvVarsInLog = 0;
		};
		95335ABDBCF489914C1AF5B2 /* Check Pods Manifest.lock */ = {
			isa = PBXShellScriptBuildPhase;
			buildActionMask = 2147483647;
			files = (
			);
			inputPaths = (
			);
			name = "Check Pods Manifest.lock";
			outputPaths = (
			);
			runOnlyForDeploymentPostprocessing = 0;
			shellPath = /bin/sh;
			shellScript = "diff \"${PODS_ROOT}/../Podfile.lock\" \"${PODS_ROOT}/Manifest.lock\" > /dev/null\nif [[ $? != 0 ]] ; then\n    cat << EOM\nerror: The sandbox is not in sync with the Podfile.lock. Run 'pod install' or update your CocoaPods installation.\nEOM\n    exit 1\nfi\n";
			showEnvVarsInLog = 0;
		};
/* End PBXShellScriptBuildPhase section */

/* Begin PBXSourcesBuildPhase section */
		A31770851CE569180091BD49 /* Sources */ = {
			isa = PBXSourcesBuildPhase;
			buildActionMask = 2147483647;
			files = (
				A317718E1CEEDD5C0091BD49 /* UIBarButtonItem+Extension.swift in Sources */,
				A317718C1CEEDCA80091BD49 /* HomePageTitleViewController.swift in Sources */,
				A317717B1CEDB6750091BD49 /* LayoutConstraint.swift in Sources */,
				A31771721CEDB6750091BD49 /* Constraint.swift in Sources */,
				A31770CD1CE6D59E0091BD49 /* Theme.swift in Sources */,
				A31770D31CE80E830091BD49 /* GuideCollectionViewCell.swift in Sources */,
				A31770D11CE6D7850091BD49 /* ADViewController.swift in Sources */,
				A36804821CF2E1D2003ED5CC /* AdressTitleView.swift in Sources */,
				A36804841CF2E520003ED5CC /* HomePageViewController.swift in Sources */,
				A317717D1CEDB6750091BD49 /* View+SnapKit.swift in Sources */,
				A31770F91CEAC9FD0091BD49 /* HTTPDataProcess.swift in Sources */,
				A36804861CF401CC003ED5CC /* MineViewController.swift in Sources */,
				A31770F71CE9DE460091BD49 /* HTTPNetworkMonitor.swift in Sources */,
				A31770CF1CE6D6EF0091BD49 /* GuideViewController.swift in Sources */,
				A368048C1CF40280003ED5CC /* SupermarketViewController.swift in Sources */,
				A31770D51CE829FF0091BD49 /* AnimationTabBarViewController.swift in Sources */,
				A31771001CEB03ED0091BD49 /* HTTPRequestManager.swift in Sources */,
				A317708F1CE569180091BD49 /* ViewController.swift in Sources */,
				A31770EF1CE9C84A0091BD49 /* ShopCartViewController.swift in Sources */,
				A31770ED1CE9C7DA0091BD49 /* UserInformationInstance.swift in Sources */,
				A317717E1CEDB6750091BD49 /* ViewController+SnapKit.swift in Sources */,
				A317718A1CEEC36D0091BD49 /* MainTabBarViewController.swift in Sources */,
				A31771901CEEDF170091BD49 /* UpImageDownTextButton.swift in Sources */,
				A31771791CEDB6750091BD49 /* EdgeInsets.swift in Sources */,
				A317708D1CE569180091BD49 /* AppDelegate.swift in Sources */,
				A31770D71CE8645F0091BD49 /* ShopCarRedDotView.swift in Sources */,
				A31771751CEDB6750091BD49 /* ConstraintItem.swift in Sources */,
				A31771761CEDB6750091BD49 /* ConstraintMaker.swift in Sources */,
				A31770FB1CEACA1F0091BD49 /* HTTPRequest.swift in Sources */,
				A317717C1CEDB6750091BD49 /* SnapKit.swift in Sources */,
				A31770E11CE9B4E60091BD49 /* NetworkConfiguration.swift in Sources */,
				A31771771CEDB6750091BD49 /* ConstraintRelation.swift in Sources */,
				A31771731CEDB6750091BD49 /* ConstraintAttributes.swift in Sources */,
				A31770D91CE86A510091BD49 /* UIView + Extension.swift in Sources */,
				A31771021CECB7E40091BD49 /* BaseNavigationVController.swift in Sources */,
				A31771781CEDB6750091BD49 /* Debugging.swift in Sources */,
				A31771741CEDB6750091BD49 /* ConstraintDescription.swift in Sources */,
			);
			runOnlyForDeploymentPostprocessing = 0;
		};
		A31770991CE569180091BD49 /* Sources */ = {
			isa = PBXSourcesBuildPhase;
			buildActionMask = 2147483647;
			files = (
				A31770A21CE569180091BD49 /* CiYanLeeProTests.swift in Sources */,
			);
			runOnlyForDeploymentPostprocessing = 0;
		};
		A31770A41CE569180091BD49 /* Sources */ = {
			isa = PBXSourcesBuildPhase;
			buildActionMask = 2147483647;
			files = (
				A31770AD1CE569180091BD49 /* CiYanLeeProUITests.swift in Sources */,
			);
			runOnlyForDeploymentPostprocessing = 0;
		};
/* End PBXSourcesBuildPhase section */

/* Begin PBXTargetDependency section */
		A317709F1CE569180091BD49 /* PBXTargetDependency */ = {
			isa = PBXTargetDependency;
			target = A31770881CE569180091BD49 /* CiYanLeePro */;
			targetProxy = A317709E1CE569180091BD49 /* PBXContainerItemProxy */;
		};
		A31770AA1CE569180091BD49 /* PBXTargetDependency */ = {
			isa = PBXTargetDependency;
			target = A31770881CE569180091BD49 /* CiYanLeePro */;
			targetProxy = A31770A91CE569180091BD49 /* PBXContainerItemProxy */;
		};
/* End PBXTargetDependency section */

/* Begin PBXVariantGroup section */
		A31770901CE569180091BD49 /* Main.storyboard */ = {
			isa = PBXVariantGroup;
			children = (
				A31770911CE569180091BD49 /* Base */,
			);
			name = Main.storyboard;
			sourceTree = "<group>";
		};
		A31770951CE569180091BD49 /* LaunchScreen.storyboard */ = {
			isa = PBXVariantGroup;
			children = (
				A31770961CE569180091BD49 /* Base */,
			);
			name = LaunchScreen.storyboard;
			sourceTree = "<group>";
		};
/* End PBXVariantGroup section */

/* Begin XCBuildConfiguration section */
		A31770AF1CE569180091BD49 /* Debug */ = {
			isa = XCBuildConfiguration;
			buildSettings = {
				ALWAYS_SEARCH_USER_PATHS = NO;
				CLANG_ANALYZER_NONNULL = YES;
				CLANG_CXX_LANGUAGE_STANDARD = "gnu++0x";
				CLANG_CXX_LIBRARY = "libc++";
				CLANG_ENABLE_MODULES = YES;
				CLANG_ENABLE_OBJC_ARC = YES;
				CLANG_WARN_BOOL_CONVERSION = YES;
				CLANG_WARN_CONSTANT_CONVERSION = YES;
				CLANG_WARN_DIRECT_OBJC_ISA_USAGE = YES_ERROR;
				CLANG_WARN_EMPTY_BODY = YES;
				CLANG_WARN_ENUM_CONVERSION = YES;
				CLANG_WARN_INT_CONVERSION = YES;
				CLANG_WARN_OBJC_ROOT_CLASS = YES_ERROR;
				CLANG_WARN_UNREACHABLE_CODE = YES;
				CLANG_WARN__DUPLICATE_METHOD_MATCH = YES;
				"CODE_SIGN_IDENTITY[sdk=iphoneos*]" = "iPhone Developer";
				COPY_PHASE_STRIP = NO;
				DEBUG_INFORMATION_FORMAT = dwarf;
				ENABLE_STRICT_OBJC_MSGSEND = YES;
				ENABLE_TESTABILITY = YES;
				GCC_C_LANGUAGE_STANDARD = gnu99;
				GCC_DYNAMIC_NO_PIC = NO;
				GCC_NO_COMMON_BLOCKS = YES;
				GCC_OPTIMIZATION_LEVEL = 0;
				GCC_PREPROCESSOR_DEFINITIONS = (
					"DEBUG=1",
					"$(inherited)",
				);
				GCC_WARN_64_TO_32_BIT_CONVERSION = YES;
				GCC_WARN_ABOUT_RETURN_TYPE = YES_ERROR;
				GCC_WARN_UNDECLARED_SELECTOR = YES;
				GCC_WARN_UNINITIALIZED_AUTOS = YES_AGGRESSIVE;
				GCC_WARN_UNUSED_FUNCTION = YES;
				GCC_WARN_UNUSED_VARIABLE = YES;
				IPHONEOS_DEPLOYMENT_TARGET = 9.3;
				MTL_ENABLE_DEBUG_INFO = YES;
				ONLY_ACTIVE_ARCH = YES;
				SDKROOT = iphoneos;
				SWIFT_OPTIMIZATION_LEVEL = "-Onone";
			};
			name = Debug;
		};
		A31770B01CE569180091BD49 /* Release */ = {
			isa = XCBuildConfiguration;
			buildSettings = {
				ALWAYS_SEARCH_USER_PATHS = NO;
				CLANG_ANALYZER_NONNULL = YES;
				CLANG_CXX_LANGUAGE_STANDARD = "gnu++0x";
				CLANG_CXX_LIBRARY = "libc++";
				CLANG_ENABLE_MODULES = YES;
				CLANG_ENABLE_OBJC_ARC = YES;
				CLANG_WARN_BOOL_CONVERSION = YES;
				CLANG_WARN_CONSTANT_CONVERSION = YES;
				CLANG_WARN_DIRECT_OBJC_ISA_USAGE = YES_ERROR;
				CLANG_WARN_EMPTY_BODY = YES;
				CLANG_WARN_ENUM_CONVERSION = YES;
				CLANG_WARN_INT_CONVERSION = YES;
				CLANG_WARN_OBJC_ROOT_CLASS = YES_ERROR;
				CLANG_WARN_UNREACHABLE_CODE = YES;
				CLANG_WARN__DUPLICATE_METHOD_MATCH = YES;
				"CODE_SIGN_IDENTITY[sdk=iphoneos*]" = "iPhone Developer";
				COPY_PHASE_STRIP = NO;
				DEBUG_INFORMATION_FORMAT = "dwarf-with-dsym";
				ENABLE_NS_ASSERTIONS = NO;
				ENABLE_STRICT_OBJC_MSGSEND = YES;
				GCC_C_LANGUAGE_STANDARD = gnu99;
				GCC_NO_COMMON_BLOCKS = YES;
				GCC_WARN_64_TO_32_BIT_CONVERSION = YES;
				GCC_WARN_ABOUT_RETURN_TYPE = YES_ERROR;
				GCC_WARN_UNDECLARED_SELECTOR = YES;
				GCC_WARN_UNINITIALIZED_AUTOS = YES_AGGRESSIVE;
				GCC_WARN_UNUSED_FUNCTION = YES;
				GCC_WARN_UNUSED_VARIABLE = YES;
				IPHONEOS_DEPLOYMENT_TARGET = 9.3;
				MTL_ENABLE_DEBUG_INFO = NO;
				SDKROOT = iphoneos;
				VALIDATE_PRODUCT = YES;
			};
			name = Release;
		};
		A31770B21CE569180091BD49 /* Debug */ = {
			isa = XCBuildConfiguration;
			baseConfigurationReference = D970AE0D5094EAB9CFC62F47 /* Pods.debug.xcconfig */;
			buildSettings = {
				ASSETCATALOG_COMPILER_APPICON_NAME = AppIcon;
				CLANG_ENABLE_MODULES = YES;
				INFOPLIST_FILE = CiYanLeePro/Info.plist;
				IPHONEOS_DEPLOYMENT_TARGET = 8.3;
				LD_RUNPATH_SEARCH_PATHS = "$(inherited) @executable_path/Frameworks";
				PRODUCT_BUNDLE_IDENTIFIER = com.halfDoctor.CiYanLeePro;
				PRODUCT_NAME = "$(TARGET_NAME)";
				SWIFT_OBJC_BRIDGING_HEADER = "CiYanLeePro/Tools/CiYanLeePro-Bridging-Header.h";
				SWIFT_OPTIMIZATION_LEVEL = "-Onone";
			};
			name = Debug;
		};
		A31770B31CE569180091BD49 /* Release */ = {
			isa = XCBuildConfiguration;
			baseConfigurationReference = 6683C4FCA4F5EE129C25496D /* Pods.release.xcconfig */;
			buildSettings = {
				ASSETCATALOG_COMPILER_APPICON_NAME = AppIcon;
				CLANG_ENABLE_MODULES = YES;
				INFOPLIST_FILE = CiYanLeePro/Info.plist;
				IPHONEOS_DEPLOYMENT_TARGET = 8.3;
				LD_RUNPATH_SEARCH_PATHS = "$(inherited) @executable_path/Frameworks";
				PRODUCT_BUNDLE_IDENTIFIER = com.halfDoctor.CiYanLeePro;
				PRODUCT_NAME = "$(TARGET_NAME)";
				SWIFT_OBJC_BRIDGING_HEADER = "CiYanLeePro/Tools/CiYanLeePro-Bridging-Header.h";
			};
			name = Release;
		};
		A31770B51CE569180091BD49 /* Debug */ = {
			isa = XCBuildConfiguration;
			buildSettings = {
				BUNDLE_LOADER = "$(TEST_HOST)";
				INFOPLIST_FILE = CiYanLeeProTests/Info.plist;
				LD_RUNPATH_SEARCH_PATHS = "$(inherited) @executable_path/Frameworks @loader_path/Frameworks";
				PRODUCT_BUNDLE_IDENTIFIER = com.halfDoctor.CiYanLeeProTests;
				PRODUCT_NAME = "$(TARGET_NAME)";
				TEST_HOST = "$(BUILT_PRODUCTS_DIR)/CiYanLeePro.app/CiYanLeePro";
			};
			name = Debug;
		};
		A31770B61CE569180091BD49 /* Release */ = {
			isa = XCBuildConfiguration;
			buildSettings = {
				BUNDLE_LOADER = "$(TEST_HOST)";
				INFOPLIST_FILE = CiYanLeeProTests/Info.plist;
				LD_RUNPATH_SEARCH_PATHS = "$(inherited) @executable_path/Frameworks @loader_path/Frameworks";
				PRODUCT_BUNDLE_IDENTIFIER = com.halfDoctor.CiYanLeeProTests;
				PRODUCT_NAME = "$(TARGET_NAME)";
				TEST_HOST = "$(BUILT_PRODUCTS_DIR)/CiYanLeePro.app/CiYanLeePro";
			};
			name = Release;
		};
		A31770B81CE569180091BD49 /* Debug */ = {
			isa = XCBuildConfiguration;
			buildSettings = {
				INFOPLIST_FILE = CiYanLeeProUITests/Info.plist;
				LD_RUNPATH_SEARCH_PATHS = "$(inherited) @executable_path/Frameworks @loader_path/Frameworks";
				PRODUCT_BUNDLE_IDENTIFIER = com.halfDoctor.CiYanLeeProUITests;
				PRODUCT_NAME = "$(TARGET_NAME)";
				TEST_TARGET_NAME = CiYanLeePro;
			};
			name = Debug;
		};
		A31770B91CE569180091BD49 /* Release */ = {
			isa = XCBuildConfiguration;
			buildSettings = {
				INFOPLIST_FILE = CiYanLeeProUITests/Info.plist;
				LD_RUNPATH_SEARCH_PATHS = "$(inherited) @executable_path/Frameworks @loader_path/Frameworks";
				PRODUCT_BUNDLE_IDENTIFIER = com.halfDoctor.CiYanLeeProUITests;
				PRODUCT_NAME = "$(TARGET_NAME)";
				TEST_TARGET_NAME = CiYanLeePro;
			};
			name = Release;
		};
/* End XCBuildConfiguration section */

/* Begin XCConfigurationList section */
		A31770841CE569180091BD49 /* Build configuration list for PBXProject "CiYanLeePro" */ = {
			isa = XCConfigurationList;
			buildConfigurations = (
				A31770AF1CE569180091BD49 /* Debug */,
				A31770B01CE569180091BD49 /* Release */,
			);
			defaultConfigurationIsVisible = 0;
			defaultConfigurationName = Release;
		};
		A31770B11CE569180091BD49 /* Build configuration list for PBXNativeTarget "CiYanLeePro" */ = {
			isa = XCConfigurationList;
			buildConfigurations = (
				A31770B21CE569180091BD49 /* Debug */,
				A31770B31CE569180091BD49 /* Release */,
			);
			defaultConfigurationIsVisible = 0;
			defaultConfigurationName = Release;
		};
		A31770B41CE569180091BD49 /* Build configuration list for PBXNativeTarget "CiYanLeeProTests" */ = {
			isa = XCConfigurationList;
			buildConfigurations = (
				A31770B51CE569180091BD49 /* Debug */,
				A31770B61CE569180091BD49 /* Release */,
			);
			defaultConfigurationIsVisible = 0;
			defaultConfigurationName = Release;
		};
		A31770B71CE569180091BD49 /* Build configuration list for PBXNativeTarget "CiYanLeeProUITests" */ = {
			isa = XCConfigurationList;
			buildConfigurations = (
				A31770B81CE569180091BD49 /* Debug */,
				A31770B91CE569180091BD49 /* Release */,
			);
			defaultConfigurationIsVisible = 0;
			defaultConfigurationName = Release;
		};
/* End XCConfigurationList section */
	};
	rootObject = A31770811CE569180091BD49 /* Project object */;
}
