// !$*UTF8*$!
{
	archiveVersion = 1;
	classes = {
	};
	objectVersion = 46;
	objects = {

/* Begin PBXBuildFile section */
		A317708D1CE569180091BD49 /* AppDelegate.swift in Sources */ = {isa = PBXBuildFile; fileRef = A317708C1CE569180091BD49 /* AppDelegate.swift */; };
		A317708F1CE569180091BD49 /* ViewController.swift in Sources */ = {isa = PBXBuildFile; fileRef = A317708E1CE569180091BD49 /* ViewController.swift */; };
		A31770921CE569180091BD49 /* Main.storyboard in Resources */ = {isa = PBXBuildFile; fileRef = A31770901CE569180091BD49 /* Main.storyboard */; };
		A31770941CE569180091BD49 /* Assets.xcassets in Resources */ = {isa = PBXBuildFile; fileRef = A31770931CE569180091BD49 /* Assets.xcassets */; };
		A31770971CE569180091BD49 /* LaunchScreen.storyboard in Resources */ = {isa = PBXBuildFile; fileRef = A31770951CE569180091BD49 /* LaunchScreen.storyboard */; };
		A31770A21CE569180091BD49 /* CiYanLeeProTests.swift in Sources */ = {isa = PBXBuildFile; fileRef = A31770A11CE569180091BD49 /* CiYanLeeProTests.swift */; };
		A31770AD1CE569180091BD49 /* CiYanLeeProUITests.swift in Sources */ = {isa = PBXBuildFile; fileRef = A31770AC1CE569180091BD49 /* CiYanLeeProUITests.swift */; };
/* End PBXBuildFile section */

/* Begin PBXContainerItemProxy section */
		A317709E1CE569180091BD49 /* PBXContainerItemProxy */ = {
			isa = PBXContainerItemProxy;
			containerPortal = A31770811CE569180091BD49 /* Project object */;
			proxyType = 1;
			remoteGlobalIDString = A31770881CE569180091BD49;
			remoteInfo = CiYanLeePro;
		};
		A31770A91CE569180091BD49 /* PBXContainerItemProxy */ = {
			isa = PBXContainerItemProxy;
			containerPortal = A31770811CE569180091BD49 /* Project object */;
			proxyType = 1;
			remoteGlobalIDString = A31770881CE569180091BD49;
			remoteInfo = CiYanLeePro;
		};
/* End PBXContainerItemProxy section */

/* Begin PBXFileReference section */
		A31770891CE569180091BD49 /* CiYanLeePro.app */ = {isa = PBXFileReference; explicitFileType = wrapper.application; includeInIndex = 0; path = CiYanLeePro.app; sourceTree = BUILT_PRODUCTS_DIR; };
		A317708C1CE569180091BD49 /* AppDelegate.swift */ = {isa = PBXFileReference; lastKnownFileType = sourcecode.swift; path = AppDelegate.swift; sourceTree = "<group>"; };
		A317708E1CE569180091BD49 /* ViewController.swift */ = {isa = PBXFileReference; lastKnownFileType = sourcecode.swift; path = ViewController.swift; sourceTree = "<group>"; };
		A31770911CE569180091BD49 /* Base */ = {isa = PBXFileReference; lastKnownFileType = file.storyboard; name = Base; path = Base.lproj/Main.storyboard; sourceTree = "<group>"; };
		A31770931CE569180091BD49 /* Assets.xcassets */ = {isa = PBXFileReference; lastKnownFileType = folder.assetcatalog; path = Assets.xcassets; sourceTree = "<group>"; };
		A31770961CE569180091BD49 /* Base */ = {isa = PBXFileReference; lastKnownFileType = file.storyboard; name = Base; path = Base.lproj/LaunchScreen.storyboard; sourceTree = "<group>"; };
		A31770981CE569180091BD49 /* Info.plist */ = {isa = PBXFileReference; lastKnownFileType = text.plist.xml; path = Info.plist; sourceTree = "<group>"; };
		A317709D1CE569180091BD49 /* CiYanLeeProTests.xctest */ = {isa = PBXFileReference; explicitFileType = wrapper.cfbundle; includeInIndex = 0; path = CiYanLeeProTests.xctest; sourceTree = BUILT_PRODUCTS_DIR; };
		A31770A11CE569180091BD49 /* CiYanLeeProTests.swift */ = {isa = PBXFileReference; lastKnownFileType = sourcecode.swift; path = CiYanLeeProTests.swift; sourceTree = "<group>"; };
		A31770A31CE569180091BD49 /* Info.plist */ = {isa = PBXFileReference; lastKnownFileType = text.plist.xml; path = Info.plist; sourceTree = "<group>"; };
		A31770A81CE569180091BD49 /* CiYanLeeProUITests.xctest */ = {isa = PBXFileReference; explicitFileType = wrapper.cfbundle; includeInIndex = 0; path = CiYanLeeProUITests.xctest; sourceTree = BUILT_PRODUCTS_DIR; };
		A31770AC1CE569180091BD49 /* CiYanLeeProUITests.swift */ = {isa = PBXFileReference; lastKnownFileType = sourcecode.swift; path = CiYanLeeProUITests.swift; sourceTree = "<group>"; };
		A31770AE1CE569180091BD49 /* Info.plist */ = {isa = PBXFileReference; lastKnownFileType = text.plist.xml; path = Info.plist; sourceTree = "<group>"; };
/* End PBXFileReference section */

/* Begin PBXFrameworksBuildPhase section */
		A31770861CE569180091BD49 /* Frameworks */ = {
			isa = PBXFrameworksBuildPhase;
			buildActionMask = 2147483647;
			files = (
			);
			runOnlyForDeploymentPostprocessing = 0;
		};
		A317709A1CE569180091BD49 /* Frameworks */ = {
			isa = PBXFrameworksBuildPhase;
			buildActionMask = 2147483647;
			files = (
			);
			runOnlyForDeploymentPostprocessing = 0;
		};
		A31770A51CE569180091BD49 /* Frameworks */ = {
			isa = PBXFrameworksBuildPhase;
			buildActionMask = 2147483647;
			files = (
			);
			runOnlyForDeploymentPostprocessing = 0;
		};
/* End PBXFrameworksBuildPhase section */

/* Begin PBXGroup section */
		A31770801CE569180091BD49 = {
			isa = PBXGroup;
			children = (
				A317708B1CE569180091BD49 /* CiYanLeePro */,
				A31770A01CE569180091BD49 /* CiYanLeeProTests */,
				A31770AB1CE569180091BD49 /* CiYanLeeProUITests */,
				A317708A1CE569180091BD49 /* Products */,
			);
			sourceTree = "<group>";
		};
		A317708A1CE569180091BD49 /* Products */ = {
			isa = PBXGroup;
			children = (
				A31770891CE569180091BD49 /* CiYanLeePro.app */,
				A317709D1CE569180091BD49 /* CiYanLeeProTests.xctest */,
				A31770A81CE569180091BD49 /* CiYanLeeProUITests.xctest */,
			);
			name = Products;
			sourceTree = "<group>";
		};
		A317708B1CE569180091BD49 /* CiYanLeePro */ = {
			isa = PBXGroup;
			children = (
				A317708C1CE569180091BD49 /* AppDelegate.swift */,
				A317708E1CE569180091BD49 /* ViewController.swift */,
				A31770901CE569180091BD49 /* Main.storyboard */,
				A31770931CE569180091BD49 /* Assets.xcassets */,
				A31770951CE569180091BD49 /* LaunchScreen.storyboard */,
				A31770981CE569180091BD49 /* Info.plist */,
			);
			path = CiYanLeePro;
			sourceTree = "<group>";
		};
		A31770A01CE569180091BD49 /* CiYanLeeProTests */ = {
			isa = PBXGroup;
			children = (
				A31770A11CE569180091BD49 /* CiYanLeeProTests.swift */,
				A31770A31CE569180091BD49 /* Info.plist */,
			);
			path = CiYanLeeProTests;
			sourceTree = "<group>";
		};
		A31770AB1CE569180091BD49 /* CiYanLeeProUITests */ = {
			isa = PBXGroup;
			children = (
				A31770AC1CE569180091BD49 /* CiYanLeeProUITests.swift */,
				A31770AE1CE569180091BD49 /* Info.plist */,
			);
			path = CiYanLeeProUITests;
			sourceTree = "<group>";
		};
/* End PBXGroup section */

/* Begin PBXNativeTarget section */
		A31770881CE569180091BD49 /* CiYanLeePro */ = {
			isa = PBXNativeTarget;
			buildConfigurationList = A31770B11CE569180091BD49 /* Build configuration list for PBXNativeTarget "CiYanLeePro" */;
			buildPhases = (
				A31770851CE569180091BD49 /* Sources */,
				A31770861CE569180091BD49 /* Frameworks */,
				A31770871CE569180091BD49 /* Resources */,
			);
			buildRules = (
			);
			dependencies = (
			);
			name = CiYanLeePro;
			productName = CiYanLeePro;
			productReference = A31770891CE569180091BD49 /* CiYanLeePro.app */;
			productType = "com.apple.product-type.application";
		};
		A317709C1CE569180091BD49 /* CiYanLeeProTests */ = {
			isa = PBXNativeTarget;
			buildConfigurationList = A31770B41CE569180091BD49 /* Build configuration list for PBXNativeTarget "CiYanLeeProTests" */;
			buildPhases = (
				A31770991CE569180091BD49 /* Sources */,
				A317709A1CE569180091BD49 /* Frameworks */,
				A317709B1CE569180091BD49 /* Resources */,
			);
			buildRules = (
			);
			dependencies = (
				A317709F1CE569180091BD49 /* PBXTargetDependency */,
			);
			name = CiYanLeeProTests;
			productName = CiYanLeeProTests;
			productReference = A317709D1CE569180091BD49 /* CiYanLeeProTests.xctest */;
			productType = "com.apple.product-type.bundle.unit-test";
		};
		A31770A71CE569180091BD49 /* CiYanLeeProUITests */ = {
			isa = PBXNativeTarget;
			buildConfigurationList = A31770B71CE569180091BD49 /* Build configuration list for PBXNativeTarget "CiYanLeeProUITests" */;
			buildPhases = (
				A31770A41CE569180091BD49 /* Sources */,
				A31770A51CE569180091BD49 /* Frameworks */,
				A31770A61CE569180091BD49 /* Resources */,
			);
			buildRules = (
			);
			dependencies = (
				A31770AA1CE569180091BD49 /* PBXTargetDependency */,
			);
			name = CiYanLeeProUITests;
			productName = CiYanLeeProUITests;
			productReference = A31770A81CE569180091BD49 /* CiYanLeeProUITests.xctest */;
			productType = "com.apple.product-type.bundle.ui-testing";
		};
/* End PBXNativeTarget section */

/* Begin PBXProject section */
		A31770811CE569180091BD49 /* Project object */ = {
			isa = PBXProject;
			attributes = {
				LastSwiftUpdateCheck = 0730;
				LastUpgradeCheck = 0730;
				ORGANIZATIONNAME = leo;
				TargetAttributes = {
					A31770881CE569180091BD49 = {
						CreatedOnToolsVersion = 7.3.1;
					};
					A317709C1CE569180091BD49 = {
						CreatedOnToolsVersion = 7.3.1;
						TestTargetID = A31770881CE569180091BD49;
					};
					A31770A71CE569180091BD49 = {
						CreatedOnToolsVersion = 7.3.1;
						TestTargetID = A31770881CE569180091BD49;
					};
				};
			};
			buildConfigurationList = A31770841CE569180091BD49 /* Build configuration list for PBXProject "CiYanLeePro" */;
			compatibilityVersion = "Xcode 3.2";
			developmentRegion = English;
			hasScannedForEncodings = 0;
			knownRegions = (
				en,
				Base,
			);
			mainGroup = A31770801CE569180091BD49;
			productRefGroup = A317708A1CE569180091BD49 /* Products */;
			projectDirPath = "";
			projectRoot = "";
			targets = (
				A31770881CE569180091BD49 /* CiYanLeePro */,
				A317709C1CE569180091BD49 /* CiYanLeeProTests */,
				A31770A71CE569180091BD49 /* CiYanLeeProUITests */,
			);
		};
/* End PBXProject section */

/* Begin PBXResourcesBuildPhase section */
		A31770871CE569180091BD49 /* Resources */ = {
			isa = PBXResourcesBuildPhase;
			buildActionMask = 2147483647;
			files = (
				A31770971CE569180091BD49 /* LaunchScreen.storyboard in Resources */,
				A31770941CE569180091BD49 /* Assets.xcassets in Resources */,
				A31770921CE569180091BD49 /* Main.storyboard in Resources */,
			);
			runOnlyForDeploymentPostprocessing = 0;
		};
		A317709B1CE569180091BD49 /* Resources */ = {
			isa = PBXResourcesBuildPhase;
			buildActionMask = 2147483647;
			files = (
			);
			runOnlyForDeploymentPostprocessing = 0;
		};
		A31770A61CE569180091BD49 /* Resources */ = {
			isa = PBXResourcesBuildPhase;
			buildActionMask = 2147483647;
			files = (
			);
			runOnlyForDeploymentPostprocessing = 0;
		};
/* End PBXResourcesBuildPhase section */

/* Begin PBXSourcesBuildPhase section */
		A31770851CE569180091BD49 /* Sources */ = {
			isa = PBXSourcesBuildPhase;
			buildActionMask = 2147483647;
			files = (
				A317708F1CE569180091BD49 /* ViewController.swift in Sources */,
				A317708D1CE569180091BD49 /* AppDelegate.swift in Sources */,
			);
			runOnlyForDeploymentPostprocessing = 0;
		};
		A31770991CE569180091BD49 /* Sources */ = {
			isa = PBXSourcesBuildPhase;
			buildActionMask = 2147483647;
			files = (
				A31770A21CE569180091BD49 /* CiYanLeeProTests.swift in Sources */,
			);
			runOnlyForDeploymentPostprocessing = 0;
		};
		A31770A41CE569180091BD49 /* Sources */ = {
			isa = PBXSourcesBuildPhase;
			buildActionMask = 2147483647;
			files = (
				A31770AD1CE569180091BD49 /* CiYanLeeProUITests.swift in Sources */,
			);
			runOnlyForDeploymentPostprocessing = 0;
		};
/* End PBXSourcesBuildPhase section */

/* Begin PBXTargetDependency section */
		A317709F1CE569180091BD49 /* PBXTargetDependency */ = {
			isa = PBXTargetDependency;
			target = A31770881CE569180091BD49 /* CiYanLeePro */;
			targetProxy = A317709E1CE569180091BD49 /* PBXContainerItemProxy */;
		};
		A31770AA1CE569180091BD49 /* PBXTargetDependency */ = {
			isa = PBXTargetDependency;
			target = A31770881CE569180091BD49 /* CiYanLeePro */;
			targetProxy = A31770A91CE569180091BD49 /* PBXContainerItemProxy */;
		};
/* End PBXTargetDependency section */

/* Begin PBXVariantGroup section */
		A31770901CE569180091BD49 /* Main.storyboard */ = {
			isa = PBXVariantGroup;
			children = (
				A31770911CE569180091BD49 /* Base */,
			);
			name = Main.storyboard;
			sourceTree = "<group>";
		};
		A31770951CE569180091BD49 /* LaunchScreen.storyboard */ = {
			isa = PBXVariantGroup;
			children = (
				A31770961CE569180091BD49 /* Base */,
			);
			name = LaunchScreen.storyboard;
			sourceTree = "<group>";
		};
/* End PBXVariantGroup section */

/* Begin XCBuildConfiguration section */
		A31770AF1CE569180091BD49 /* Debug */ = {
			isa = XCBuildConfiguration;
			buildSettings = {
				ALWAYS_SEARCH_USER_PATHS = NO;
				CLANG_ANALYZER_NONNULL = YES;
				CLANG_CXX_LANGUAGE_STANDARD = "gnu++0x";
				CLANG_CXX_LIBRARY = "libc++";
				CLANG_ENABLE_MODULES = YES;
				CLANG_ENABLE_OBJC_ARC = YES;
				CLANG_WARN_BOOL_CONVERSION = YES;
				CLANG_WARN_CONSTANT_CONVERSION = YES;
				CLANG_WARN_DIRECT_OBJC_ISA_USAGE = YES_ERROR;
				CLANG_WARN_EMPTY_BODY = YES;
				CLANG_WARN_ENUM_CONVERSION = YES;
				CLANG_WARN_INT_CONVERSION = YES;
				CLANG_WARN_OBJC_ROOT_CLASS = YES_ERROR;
				CLANG_WARN_UNREACHABLE_CODE = YES;
				CLANG_WARN__DUPLICATE_METHOD_MATCH = YES;
				"CODE_SIGN_IDENTITY[sdk=iphoneos*]" = "iPhone Developer";
				COPY_PHASE_STRIP = NO;
				DEBUG_INFORMATION_FORMAT = dwarf;
				ENABLE_STRICT_OBJC_MSGSEND = YES;
				ENABLE_TESTABILITY = YES;
				GCC_C_LANGUAGE_STANDARD = gnu99;
				GCC_DYNAMIC_NO_PIC = NO;
				GCC_NO_COMMON_BLOCKS = YES;
				GCC_OPTIMIZATION_LEVEL = 0;
				GCC_PREPROCESSOR_DEFINITIONS = (
					"DEBUG=1",
					"$(inherited)",
				);
				GCC_WARN_64_TO_32_BIT_CONVERSION = YES;
				GCC_WARN_ABOUT_RETURN_TYPE = YES_ERROR;
				GCC_WARN_UNDECLARED_SELECTOR = YES;
				GCC_WARN_UNINITIALIZED_AUTOS = YES_AGGRESSIVE;
				GCC_WARN_UNUSED_FUNCTION = YES;
				GCC_WARN_UNUSED_VARIABLE = YES;
				IPHONEOS_DEPLOYMENT_TARGET = 9.3;
				MTL_ENABLE_DEBUG_INFO = YES;
				ONLY_ACTIVE_ARCH = YES;
				SDKROOT = iphoneos;
				SWIFT_OPTIMIZATION_LEVEL = "-Onone";
			};
			name = Debug;
		};
		A31770B01CE569180091BD49 /* Release */ = {
			isa = XCBuildConfiguration;
			buildSettings = {
				ALWAYS_SEARCH_USER_PATHS = NO;
				CLANG_ANALYZER_NONNULL = YES;
				CLANG_CXX_LANGUAGE_STANDARD = "gnu++0x";
				CLANG_CXX_LIBRARY = "libc++";
				CLANG_ENABLE_MODULES = YES;
				CLANG_ENABLE_OBJC_ARC = YES;
				CLANG_WARN_BOOL_CONVERSION = YES;
				CLANG_WARN_CONSTANT_CONVERSION = YES;
				CLANG_WARN_DIRECT_OBJC_ISA_USAGE = YES_ERROR;
				CLANG_WARN_EMPTY_BODY = YES;
				CLANG_WARN_ENUM_CONVERSION = YES;
				CLANG_WARN_INT_CONVERSION = YES;
				CLANG_WARN_OBJC_ROOT_CLASS = YES_ERROR;
				CLANG_WARN_UNREACHABLE_CODE = YES;
				CLANG_WARN__DUPLICATE_METHOD_MATCH = YES;
				"CODE_SIGN_IDENTITY[sdk=iphoneos*]" = "iPhone Developer";
				COPY_PHASE_STRIP = NO;
				DEBUG_INFORMATION_FORMAT = "dwarf-with-dsym";
				ENABLE_NS_ASSERTIONS = NO;
				ENABLE_STRICT_OBJC_MSGSEND = YES;
				GCC_C_LANGUAGE_STANDARD = gnu99;
				GCC_NO_COMMON_BLOCKS = YES;
				GCC_WARN_64_TO_32_BIT_CONVERSION = YES;
				GCC_WARN_ABOUT_RETURN_TYPE = YES_ERROR;
				GCC_WARN_UNDECLARED_SELECTOR = YES;
				GCC_WARN_UNINITIALIZED_AUTOS = YES_AGGRESSIVE;
				GCC_WARN_UNUSED_FUNCTION = YES;
				GCC_WARN_UNUSED_VARIABLE = YES;
				IPHONEOS_DEPLOYMENT_TARGET = 9.3;
				MTL_ENABLE_DEBUG_INFO = NO;
				SDKROOT = iphoneos;
				VALIDATE_PRODUCT = YES;
			};
			name = Release;
		};
		A31770B21CE569180091BD49 /* Debug */ = {
			isa = XCBuildConfiguration;
			buildSettings = {
				ASSETCATALOG_COMPILER_APPICON_NAME = AppIcon;
				INFOPLIST_FILE = CiYanLeePro/Info.plist;
				LD_RUNPATH_SEARCH_PATHS = "$(inherited) @executable_path/Frameworks";
				PRODUCT_BUNDLE_IDENTIFIER = com.halfDoctor.CiYanLeePro;
				PRODUCT_NAME = "$(TARGET_NAME)";
			};
			name = Debug;
		};
		A31770B31CE569180091BD49 /* Release */ = {
			isa = XCBuildConfiguration;
			buildSettings = {
				ASSETCATALOG_COMPILER_APPICON_NAME = AppIcon;
				INFOPLIST_FILE = CiYanLeePro/Info.plist;
				LD_RUNPATH_SEARCH_PATHS = "$(inherited) @executable_path/Frameworks";
				PRODUCT_BUNDLE_IDENTIFIER = com.halfDoctor.CiYanLeePro;
				PRODUCT_NAME = "$(TARGET_NAME)";
			};
			name = Release;
		};
		A31770B51CE569180091BD49 /* Debug */ = {
			isa = XCBuildConfiguration;
			buildSettings = {
				BUNDLE_LOADER = "$(TEST_HOST)";
				INFOPLIST_FILE = CiYanLeeProTests/Info.plist;
				LD_RUNPATH_SEARCH_PATHS = "$(inherited) @executable_path/Frameworks @loader_path/Frameworks";
				PRODUCT_BUNDLE_IDENTIFIER = com.halfDoctor.CiYanLeeProTests;
				PRODUCT_NAME = "$(TARGET_NAME)";
				TEST_HOST = "$(BUILT_PRODUCTS_DIR)/CiYanLeePro.app/CiYanLeePro";
			};
			name = Debug;
		};
		A31770B61CE569180091BD49 /* Release */ = {
			isa = XCBuildConfiguration;
			buildSettings = {
				BUNDLE_LOADER = "$(TEST_HOST)";
				INFOPLIST_FILE = CiYanLeeProTests/Info.plist;
				LD_RUNPATH_SEARCH_PATHS = "$(inherited) @executable_path/Frameworks @loader_path/Frameworks";
				PRODUCT_BUNDLE_IDENTIFIER = com.halfDoctor.CiYanLeeProTests;
				PRODUCT_NAME = "$(TARGET_NAME)";
				TEST_HOST = "$(BUILT_PRODUCTS_DIR)/CiYanLeePro.app/CiYanLeePro";
			};
			name = Release;
		};
		A31770B81CE569180091BD49 /* Debug */ = {
			isa = XCBuildConfiguration;
			buildSettings = {
				INFOPLIST_FILE = CiYanLeeProUITests/Info.plist;
				LD_RUNPATH_SEARCH_PATHS = "$(inherited) @executable_path/Frameworks @loader_path/Frameworks";
				PRODUCT_BUNDLE_IDENTIFIER = com.halfDoctor.CiYanLeeProUITests;
				PRODUCT_NAME = "$(TARGET_NAME)";
				TEST_TARGET_NAME = CiYanLeePro;
			};
			name = Debug;
		};
		A31770B91CE569180091BD49 /* Release */ = {
			isa = XCBuildConfiguration;
			buildSettings = {
				INFOPLIST_FILE = CiYanLeeProUITests/Info.plist;
				LD_RUNPATH_SEARCH_PATHS = "$(inherited) @executable_path/Frameworks @loader_path/Frameworks";
				PRODUCT_BUNDLE_IDENTIFIER = com.halfDoctor.CiYanLeeProUITests;
				PRODUCT_NAME = "$(TARGET_NAME)";
				TEST_TARGET_NAME = CiYanLeePro;
			};
			name = Release;
		};
/* End XCBuildConfiguration section */

/* Begin XCConfigurationList section */
		A31770841CE569180091BD49 /* Build configuration list for PBXProject "CiYanLeePro" */ = {
			isa = XCConfigurationList;
			buildConfigurations = (
				A31770AF1CE569180091BD49 /* Debug */,
				A31770B01CE569180091BD49 /* Release */,
			);
			defaultConfigurationIsVisible = 0;
			defaultConfigurationName = Release;
		};
		A31770B11CE569180091BD49 /* Build configuration list for PBXNativeTarget "CiYanLeePro" */ = {
			isa = XCConfigurationList;
			buildConfigurations = (
				A31770B21CE569180091BD49 /* Debug */,
				A31770B31CE569180091BD49 /* Release */,
			);
			defaultConfigurationIsVisible = 0;
		};
		A31770B41CE569180091BD49 /* Build configuration list for PBXNativeTarget "CiYanLeeProTests" */ = {
			isa = XCConfigurationList;
			buildConfigurations = (
				A31770B51CE569180091BD49 /* Debug */,
				A31770B61CE569180091BD49 /* Release */,
			);
			defaultConfigurationIsVisible = 0;
		};
		A31770B71CE569180091BD49 /* Build configuration list for PBXNativeTarget "CiYanLeeProUITests" */ = {
			isa = XCConfigurationList;
			buildConfigurations = (
				A31770B81CE569180091BD49 /* Debug */,
				A31770B91CE569180091BD49 /* Release */,
			);
			defaultConfigurationIsVisible = 0;
		};
/* End XCConfigurationList section */
	};
	rootObject = A31770811CE569180091BD49 /* Project object */;
}
